
Microsoft Visual Studio Solution File, Format Version 12.00
# Visual Studio 15
VisualStudioVersion = 15.0.27703.2018
MinimumVisualStudioVersion = 10.0.40219.1
Project("{FAE04EC0-301F-11D3-BF4B-00C04F79EFBC}") = "StoreMemories.Android", "StoreMemories\StoreMemories.Android\StoreMemories.Android.csproj", "{E6D2A6EF-F958-4C89-A3EA-C4659A1F9B0B}"
EndProject
Project("{FAE04EC0-301F-11D3-BF4B-00C04F79EFBC}") = "StoreMemories.iOS", "StoreMemories\StoreMemories.iOS\StoreMemories.iOS.csproj", "{B525812C-325C-4E58-A4F6-CDB88EB7CC9F}"
EndProject
Project("{FAE04EC0-301F-11D3-BF4B-00C04F79EFBC}") = "StoreMemories", "StoreMemories\StoreMemories\StoreMemories.csproj", "{0191186A-CCDF-4A00-ABEE-2C341B89E874}"
EndProject
Global
	GlobalSection(SolutionConfigurationPlatforms) = preSolution
		Ad-Hoc|Any CPU = Ad-Hoc|Any CPU
		Ad-Hoc|iPhone = Ad-Hoc|iPhone
		Ad-Hoc|iPhoneSimulator = Ad-Hoc|iPhoneSimulator
		AppStore|Any CPU = AppStore|Any CPU
		AppStore|iPhone = AppStore|iPhone
		AppStore|iPhoneSimulator = AppStore|iPhoneSimulator
		Debug|Any CPU = Debug|Any CPU
		Debug|iPhone = Debug|iPhone
		Debug|iPhoneSimulator = Debug|iPhoneSimulator
		Release|Any CPU = Release|Any CPU
		Release|iPhone = Release|iPhone
		Release|iPhoneSimulator = Release|iPhoneSimulator
	EndGlobalSection
	GlobalSection(ProjectConfigurationPlatforms) = postSolution
		{E6D2A6EF-F958-4C89-A3EA-C4659A1F9B0B}.Ad-Hoc|Any CPU.ActiveCfg = Release|Any CPU
		{E6D2A6EF-F958-4C89-A3EA-C4659A1F9B0B}.Ad-Hoc|Any CPU.Build.0 = Release|Any CPU
		{E6D2A6EF-F958-4C89-A3EA-C4659A1F9B0B}.Ad-Hoc|Any CPU.Deploy.0 = Release|Any CPU
		{E6D2A6EF-F958-4C89-A3EA-C4659A1F9B0B}.Ad-Hoc|iPhone.ActiveCfg = Release|Any CPU
		{E6D2A6EF-F958-4C89-A3EA-C4659A1F9B0B}.Ad-Hoc|iPhone.Build.0 = Release|Any CPU
		{E6D2A6EF-F958-4C89-A3EA-C4659A1F9B0B}.Ad-Hoc|iPhone.Deploy.0 = Release|Any CPU
		{E6D2A6EF-F958-4C89-A3EA-C4659A1F9B0B}.Ad-Hoc|iPhoneSimulator.ActiveCfg = Release|Any CPU
		{E6D2A6EF-F958-4C89-A3EA-C4659A1F9B0B}.Ad-Hoc|iPhoneSimulator.Build.0 = Release|Any CPU
		{E6D2A6EF-F958-4C89-A3EA-C4659A1F9B0B}.Ad-Hoc|iPhoneSimulator.Deploy.0 = Release|Any CPU
		{E6D2A6EF-F958-4C89-A3EA-C4659A1F9B0B}.AppStore|Any CPU.ActiveCfg = Release|Any CPU
		{E6D2A6EF-F958-4C89-A3EA-C4659A1F9B0B}.AppStore|Any CPU.Build.0 = Release|Any CPU
		{E6D2A6EF-F958-4C89-A3EA-C4659A1F9B0B}.AppStore|Any CPU.Deploy.0 = Release|Any CPU
		{E6D2A6EF-F958-4C89-A3EA-C4659A1F9B0B}.AppStore|iPhone.ActiveCfg = Release|Any CPU
		{E6D2A6EF-F958-4C89-A3EA-C4659A1F9B0B}.AppStore|iPhone.Build.0 = Release|Any CPU
		{E6D2A6EF-F958-4C89-A3EA-C4659A1F9B0B}.AppStore|iPhone.Deploy.0 = Release|Any CPU
		{E6D2A6EF-F958-4C89-A3EA-C4659A1F9B0B}.AppStore|iPhoneSimulator.ActiveCfg = Release|Any CPU
		{E6D2A6EF-F958-4C89-A3EA-C4659A1F9B0B}.AppStore|iPhoneSimulator.Build.0 = Release|Any CPU
		{E6D2A6EF-F958-4C89-A3EA-C4659A1F9B0B}.AppStore|iPhoneSimulator.Deploy.0 = Release|Any CPU
		{E6D2A6EF-F958-4C89-A3EA-C4659A1F9B0B}.Debug|Any CPU.ActiveCfg = Debug|Any CPU
		{E6D2A6EF-F958-4C89-A3EA-C4659A1F9B0B}.Debug|Any CPU.Build.0 = Debug|Any CPU
		{E6D2A6EF-F958-4C89-A3EA-C4659A1F9B0B}.Debug|Any CPU.Deploy.0 = Debug|Any CPU
		{E6D2A6EF-F958-4C89-A3EA-C4659A1F9B0B}.Debug|iPhone.ActiveCfg = Debug|Any CPU
		{E6D2A6EF-F958-4C89-A3EA-C4659A1F9B0B}.Debug|iPhone.Build.0 = Debug|Any CPU
		{E6D2A6EF-F958-4C89-A3EA-C4659A1F9B0B}.Debug|iPhone.Deploy.0 = Debug|Any CPU
		{E6D2A6EF-F958-4C89-A3EA-C4659A1F9B0B}.Debug|iPhoneSimulator.ActiveCfg = Debug|Any CPU
		{E6D2A6EF-F958-4C89-A3EA-C4659A1F9B0B}.Debug|iPhoneSimulator.Build.0 = Debug|Any CPU
		{E6D2A6EF-F958-4C89-A3EA-C4659A1F9B0B}.Debug|iPhoneSimulator.Deploy.0 = Debug|Any CPU
		{E6D2A6EF-F958-4C89-A3EA-C4659A1F9B0B}.Release|Any CPU.ActiveCfg = Release|Any CPU
		{E6D2A6EF-F958-4C89-A3EA-C4659A1F9B0B}.Release|Any CPU.Build.0 = Release|Any CPU
		{E6D2A6EF-F958-4C89-A3EA-C4659A1F9B0B}.Release|Any CPU.Deploy.0 = Release|Any CPU
		{E6D2A6EF-F958-4C89-A3EA-C4659A1F9B0B}.Release|iPhone.ActiveCfg = Release|Any CPU
		{E6D2A6EF-F958-4C89-A3EA-C4659A1F9B0B}.Release|iPhone.Build.0 = Release|Any CPU
		{E6D2A6EF-F958-4C89-A3EA-C4659A1F9B0B}.Release|iPhone.Deploy.0 = Release|Any CPU
		{E6D2A6EF-F958-4C89-A3EA-C4659A1F9B0B}.Release|iPhoneSimulator.ActiveCfg = Release|Any CPU
		{E6D2A6EF-F958-4C89-A3EA-C4659A1F9B0B}.Release|iPhoneSimulator.Build.0 = Release|Any CPU
		{E6D2A6EF-F958-4C89-A3EA-C4659A1F9B0B}.Release|iPhoneSimulator.Deploy.0 = Release|Any CPU
		{B525812C-325C-4E58-A4F6-CDB88EB7CC9F}.Ad-Hoc|Any CPU.ActiveCfg = Ad-Hoc|iPhone
		{B525812C-325C-4E58-A4F6-CDB88EB7CC9F}.Ad-Hoc|Any CPU.Build.0 = Ad-Hoc|iPhone
		{B525812C-325C-4E58-A4F6-CDB88EB7CC9F}.Ad-Hoc|Any CPU.Deploy.0 = Ad-Hoc|iPhone
		{B525812C-325C-4E58-A4F6-CDB88EB7CC9F}.Ad-Hoc|iPhone.ActiveCfg = Ad-Hoc|iPhone
		{B525812C-325C-4E58-A4F6-CDB88EB7CC9F}.Ad-Hoc|iPhone.Build.0 = Ad-Hoc|iPhone
		{B525812C-325C-4E58-A4F6-CDB88EB7CC9F}.Ad-Hoc|iPhone.Deploy.0 = Ad-Hoc|iPhone
		{B525812C-325C-4E58-A4F6-CDB88EB7CC9F}.Ad-Hoc|iPhoneSimulator.ActiveCfg = Ad-Hoc|iPhoneSimulator
		{B525812C-325C-4E58-A4F6-CDB88EB7CC9F}.Ad-Hoc|iPhoneSimulator.Build.0 = Ad-Hoc|iPhoneSimulator
		{B525812C-325C-4E58-A4F6-CDB88EB7CC9F}.Ad-Hoc|iPhoneSimulator.Deploy.0 = Ad-Hoc|iPhoneSimulator
		{B525812C-325C-4E58-A4F6-CDB88EB7CC9F}.AppStore|Any CPU.ActiveCfg = AppStore|iPhone
		{B525812C-325C-4E58-A4F6-CDB88EB7CC9F}.AppStore|Any CPU.Build.0 = AppStore|iPhone
		{B525812C-325C-4E58-A4F6-CDB88EB7CC9F}.AppStore|Any CPU.Deploy.0 = AppStore|iPhone
		{B525812C-325C-4E58-A4F6-CDB88EB7CC9F}.AppStore|iPhone.ActiveCfg = AppStore|iPhone
		{B525812C-325C-4E58-A4F6-CDB88EB7CC9F}.AppStore|iPhone.Build.0 = AppStore|iPhone
		{B525812C-325C-4E58-A4F6-CDB88EB7CC9F}.AppStore|iPhone.Deploy.0 = AppStore|iPhone
		{B525812C-325C-4E58-A4F6-CDB88EB7CC9F}.AppStore|iPhoneSimulator.ActiveCfg = AppStore|iPhoneSimulator
		{B525812C-325C-4E58-A4F6-CDB88EB7CC9F}.AppStore|iPhoneSimulator.Build.0 = AppStore|iPhoneSimulator
		{B525812C-325C-4E58-A4F6-CDB88EB7CC9F}.AppStore|iPhoneSimulator.Deploy.0 = AppStore|iPhoneSimulator
		{B525812C-325C-4E58-A4F6-CDB88EB7CC9F}.Debug|Any CPU.ActiveCfg = Debug|iPhoneSimulator
		{B525812C-325C-4E58-A4F6-CDB88EB7CC9F}.Debug|Any CPU.Build.0 = Debug|iPhoneSimulator
		{B525812C-325C-4E58-A4F6-CDB88EB7CC9F}.Debug|Any CPU.Deploy.0 = Debug|iPhoneSimulator
		{B525812C-325C-4E58-A4F6-CDB88EB7CC9F}.Debug|iPhone.ActiveCfg = Debug|iPhone
		{B525812C-325C-4E58-A4F6-CDB88EB7CC9F}.Debug|iPhone.Build.0 = Debug|iPhone
		{B525812C-325C-4E58-A4F6-CDB88EB7CC9F}.Debug|iPhone.Deploy.0 = Debug|iPhone
		{B525812C-325C-4E58-A4F6-CDB88EB7CC9F}.Debug|iPhoneSimulator.ActiveCfg = Debug|iPhoneSimulator
		{B525812C-325C-4E58-A4F6-CDB88EB7CC9F}.Debug|iPhoneSimulator.Build.0 = Debug|iPhoneSimulator
		{B525812C-325C-4E58-A4F6-CDB88EB7CC9F}.Debug|iPhoneSimulator.Deploy.0 = Debug|iPhoneSimulator
		{B525812C-325C-4E58-A4F6-CDB88EB7CC9F}.Release|Any CPU.ActiveCfg = Release|iPhone
		{B525812C-325C-4E58-A4F6-CDB88EB7CC9F}.Release|Any CPU.Build.0 = Release|iPhone
		{B525812C-325C-4E58-A4F6-CDB88EB7CC9F}.Release|Any CPU.Deploy.0 = Release|iPhone
		{B525812C-325C-4E58-A4F6-CDB88EB7CC9F}.Release|iPhone.ActiveCfg = Release|iPhone
		{B525812C-325C-4E58-A4F6-CDB88EB7CC9F}.Release|iPhone.Build.0 = Release|iPhone
		{B525812C-325C-4E58-A4F6-CDB88EB7CC9F}.Release|iPhone.Deploy.0 = Release|iPhone
		{B525812C-325C-4E58-A4F6-CDB88EB7CC9F}.Release|iPhoneSimulator.ActiveCfg = Release|iPhoneSimulator
		{B525812C-325C-4E58-A4F6-CDB88EB7CC9F}.Release|iPhoneSimulator.Build.0 = Release|iPhoneSimulator
		{B525812C-325C-4E58-A4F6-CDB88EB7CC9F}.Release|iPhoneSimulator.Deploy.0 = Release|iPhoneSimulator
		{0191186A-CCDF-4A00-ABEE-2C341B89E874}.Ad-Hoc|Any CPU.ActiveCfg = Debug|Any CPU
		{0191186A-CCDF-4A00-ABEE-2C341B89E874}.Ad-Hoc|Any CPU.Build.0 = Debug|Any CPU
		{0191186A-CCDF-4A00-ABEE-2C341B89E874}.Ad-Hoc|Any CPU.Deploy.0 = Debug|Any CPU
		{0191186A-CCDF-4A00-ABEE-2C341B89E874}.Ad-Hoc|iPhone.ActiveCfg = Debug|Any CPU
		{0191186A-CCDF-4A00-ABEE-2C341B89E874}.Ad-Hoc|iPhone.Build.0 = Debug|Any CPU
		{0191186A-CCDF-4A00-ABEE-2C341B89E874}.Ad-Hoc|iPhone.Deploy.0 = Debug|Any CPU
		{0191186A-CCDF-4A00-ABEE-2C341B89E874}.Ad-Hoc|iPhoneSimulator.ActiveCfg = Debug|Any CPU
		{0191186A-CCDF-4A00-ABEE-2C341B89E874}.Ad-Hoc|iPhoneSimulator.Build.0 = Debug|Any CPU
		{0191186A-CCDF-4A00-ABEE-2C341B89E874}.Ad-Hoc|iPhoneSimulator.Deploy.0 = Debug|Any CPU
		{0191186A-CCDF-4A00-ABEE-2C341B89E874}.AppStore|Any CPU.ActiveCfg = Debug|Any CPU
		{0191186A-CCDF-4A00-ABEE-2C341B89E874}.AppStore|Any CPU.Build.0 = Debug|Any CPU
		{0191186A-CCDF-4A00-ABEE-2C341B89E874}.AppStore|Any CPU.Deploy.0 = Debug|Any CPU
		{0191186A-CCDF-4A00-ABEE-2C341B89E874}.AppStore|iPhone.ActiveCfg = Debug|Any CPU
		{0191186A-CCDF-4A00-ABEE-2C341B89E874}.AppStore|iPhone.Build.0 = Debug|Any CPU
		{0191186A-CCDF-4A00-ABEE-2C341B89E874}.AppStore|iPhone.Deploy.0 = Debug|Any CPU
		{0191186A-CCDF-4A00-ABEE-2C341B89E874}.AppStore|iPhoneSimulator.ActiveCfg = Debug|Any CPU
		{0191186A-CCDF-4A00-ABEE-2C341B89E874}.AppStore|iPhoneSimulator.Build.0 = Debug|Any CPU
		{0191186A-CCDF-4A00-ABEE-2C341B89E874}.AppStore|iPhoneSimulator.Deploy.0 = Debug|Any CPU
		{0191186A-CCDF-4A00-ABEE-2C341B89E874}.Debug|Any CPU.ActiveCfg = Debug|Any CPU
		{0191186A-CCDF-4A00-ABEE-2C341B89E874}.Debug|Any CPU.Build.0 = Debug|Any CPU
		{0191186A-CCDF-4A00-ABEE-2C341B89E874}.Debug|Any CPU.Deploy.0 = Debug|Any CPU
		{0191186A-CCDF-4A00-ABEE-2C341B89E874}.Debug|iPhone.ActiveCfg = Debug|Any CPU
		{0191186A-CCDF-4A00-ABEE-2C341B89E874}.Debug|iPhone.Build.0 = Debug|Any CPU
		{0191186A-CCDF-4A00-ABEE-2C341B89E874}.Debug|iPhone.Deploy.0 = Debug|Any CPU
		{0191186A-CCDF-4A00-ABEE-2C341B89E874}.Debug|iPhoneSimulator.ActiveCfg = Debug|Any CPU
		{0191186A-CCDF-4A00-ABEE-2C341B89E874}.Debug|iPhoneSimulator.Build.0 = Debug|Any CPU
		{0191186A-CCDF-4A00-ABEE-2C341B89E874}.Debug|iPhoneSimulator.Deploy.0 = Debug|Any CPU
		{0191186A-CCDF-4A00-ABEE-2C341B89E874}.Release|Any CPU.ActiveCfg = Release|Any CPU
		{0191186A-CCDF-4A00-ABEE-2C341B89E874}.Release|Any CPU.Build.0 = Release|Any CPU
		{0191186A-CCDF-4A00-ABEE-2C341B89E874}.Release|Any CPU.Deploy.0 = Release|Any CPU
		{0191186A-CCDF-4A00-ABEE-2C341B89E874}.Release|iPhone.ActiveCfg = Release|Any CPU
		{0191186A-CCDF-4A00-ABEE-2C341B89E874}.Release|iPhone.Build.0 = Release|Any CPU
		{0191186A-CCDF-4A00-ABEE-2C341B89E874}.Release|iPhone.Deploy.0 = Release|Any CPU
		{0191186A-CCDF-4A00-ABEE-2C341B89E874}.Release|iPhoneSimulator.ActiveCfg = Release|Any CPU
		{0191186A-CCDF-4A00-ABEE-2C341B89E874}.Release|iPhoneSimulator.Build.0 = Release|Any CPU
		{0191186A-CCDF-4A00-ABEE-2C341B89E874}.Release|iPhoneSimulator.Deploy.0 = Release|Any CPU
	EndGlobalSection
	GlobalSection(SolutionProperties) = preSolution
		HideSolutionNode = FALSE
	EndGlobalSection
	GlobalSection(ExtensibilityGlobals) = postSolution
		SolutionGuid = {77F5E4AA-A290-4650-87C0-D74BF567D3E0}
	EndGlobalSection
EndGlobal
